
Microsoft Visual Studio Solution File, Format Version 12.00
# Visual Studio Version 16
VisualStudioVersion = 16.0.30413.136
MinimumVisualStudioVersion = 15.0.26124.0
Project("{2150E333-8FDC-42A3-9474-1A3956D46DE8}") = "domain", "domain", "{94C1C7E7-FE0E-4A82-AB7D-4C2615E26432}"
EndProject
Project("{9A19103F-16F7-4668-BE54-9A1E7A4F7556}") = "Store", "domain\Store\Store.csproj", "{904C3512-5926-407D-958A-72823602C0F0}"
EndProject
Project("{2150E333-8FDC-42A3-9474-1A3956D46DE8}") = "Infrastructure", "Infrastructure", "{92BFBA7E-B9BB-4DD5-A00D-1C6E160B7C93}"
EndProject
Project("{9A19103F-16F7-4668-BE54-9A1E7A4F7556}") = "Store.Memory", "infrastructure\Store.Memory\Store.Memory.csproj", "{D76FE7F5-2C5D-4064-87DA-A96596B9196A}"
EndProject
Project("{2150E333-8FDC-42A3-9474-1A3956D46DE8}") = "presentation", "presentation", "{62F22510-283F-4D3B-B2A0-825593E08111}"
EndProject
Project("{9A19103F-16F7-4668-BE54-9A1E7A4F7556}") = "Store.Web", "presentation\Store.Web\Store.Web.csproj", "{AE720155-7C3A-41DD-A5D4-F07B583C80BE}"
EndProject
Project("{9A19103F-16F7-4668-BE54-9A1E7A4F7556}") = "Store.Tests", "domain\Store.Tests\Store.Tests.csproj", "{BB718561-3DC3-4DFA-8A9D-AD4147CD1974}"
EndProject
Project("{9A19103F-16F7-4668-BE54-9A1E7A4F7556}") = "Store.Web.Contractors", "presentation\Store.Web.Contractors\Store.Web.Contractors.csproj", "{0B772609-B042-4312-8CF2-C9D0274AECA4}"
EndProject
Project("{2150E333-8FDC-42A3-9474-1A3956D46DE8}") = "plugins", "plugins", "{219F8605-8210-475E-95E0-0F1152608433}"
EndProject
Project("{9A19103F-16F7-4668-BE54-9A1E7A4F7556}") = "Store.YandexKassa", "plugins\Store.YandexKassa\Store.YandexKassa.csproj", "{580A2D28-CC52-4DBA-A355-806A7CB4941F}"
EndProject
Project("{2150E333-8FDC-42A3-9474-1A3956D46DE8}") = "application", "application", "{AB69B78B-02C7-4911-A5A0-14AA59A3CA6C}"
EndProject
Project("{9A19103F-16F7-4668-BE54-9A1E7A4F7556}") = "Store.Web.App", "..\..\Users\bolt9\source\repos\Store\application\Store.Web.App\Store.Web.App.csproj", "{6378DF6A-8C54-48BA-96AF-741491012420}"
EndProject
Project("{FAE04EC0-301F-11D3-BF4B-00C04F79EFBC}") = "Store.Data.EF", "infrastructure\Store.Data.EF\Store.Data.EF.csproj", "{D9A9B93B-9144-48A6-927F-3DEED7398894}"
EndProject
Global
	GlobalSection(SolutionConfigurationPlatforms) = preSolution
		Debug|Any CPU = Debug|Any CPU
		Debug|x64 = Debug|x64
		Debug|x86 = Debug|x86
		Release|Any CPU = Release|Any CPU
		Release|x64 = Release|x64
		Release|x86 = Release|x86
	EndGlobalSection
	GlobalSection(ProjectConfigurationPlatforms) = postSolution
		{904C3512-5926-407D-958A-72823602C0F0}.Debug|Any CPU.ActiveCfg = Debug|Any CPU
		{904C3512-5926-407D-958A-72823602C0F0}.Debug|Any CPU.Build.0 = Debug|Any CPU
		{904C3512-5926-407D-958A-72823602C0F0}.Debug|x64.ActiveCfg = Debug|Any CPU
		{904C3512-5926-407D-958A-72823602C0F0}.Debug|x64.Build.0 = Debug|Any CPU
		{904C3512-5926-407D-958A-72823602C0F0}.Debug|x86.ActiveCfg = Debug|Any CPU
		{904C3512-5926-407D-958A-72823602C0F0}.Debug|x86.Build.0 = Debug|Any CPU
		{904C3512-5926-407D-958A-72823602C0F0}.Release|Any CPU.ActiveCfg = Release|Any CPU
		{904C3512-5926-407D-958A-72823602C0F0}.Release|Any CPU.Build.0 = Release|Any CPU
		{904C3512-5926-407D-958A-72823602C0F0}.Release|x64.ActiveCfg = Release|Any CPU
		{904C3512-5926-407D-958A-72823602C0F0}.Release|x64.Build.0 = Release|Any CPU
		{904C3512-5926-407D-958A-72823602C0F0}.Release|x86.ActiveCfg = Release|Any CPU
		{904C3512-5926-407D-958A-72823602C0F0}.Release|x86.Build.0 = Release|Any CPU
		{D76FE7F5-2C5D-4064-87DA-A96596B9196A}.Debug|Any CPU.ActiveCfg = Debug|Any CPU
		{D76FE7F5-2C5D-4064-87DA-A96596B9196A}.Debug|Any CPU.Build.0 = Debug|Any CPU
		{D76FE7F5-2C5D-4064-87DA-A96596B9196A}.Debug|x64.ActiveCfg = Debug|Any CPU
		{D76FE7F5-2C5D-4064-87DA-A96596B9196A}.Debug|x64.Build.0 = Debug|Any CPU
		{D76FE7F5-2C5D-4064-87DA-A96596B9196A}.Debug|x86.ActiveCfg = Debug|Any CPU
		{D76FE7F5-2C5D-4064-87DA-A96596B9196A}.Debug|x86.Build.0 = Debug|Any CPU
		{D76FE7F5-2C5D-4064-87DA-A96596B9196A}.Release|Any CPU.ActiveCfg = Release|Any CPU
		{D76FE7F5-2C5D-4064-87DA-A96596B9196A}.Release|Any CPU.Build.0 = Release|Any CPU
		{D76FE7F5-2C5D-4064-87DA-A96596B9196A}.Release|x64.ActiveCfg = Release|Any CPU
		{D76FE7F5-2C5D-4064-87DA-A96596B9196A}.Release|x64.Build.0 = Release|Any CPU
		{D76FE7F5-2C5D-4064-87DA-A96596B9196A}.Release|x86.ActiveCfg = Release|Any CPU
		{D76FE7F5-2C5D-4064-87DA-A96596B9196A}.Release|x86.Build.0 = Release|Any CPU
		{AE720155-7C3A-41DD-A5D4-F07B583C80BE}.Debug|Any CPU.ActiveCfg = Debug|Any CPU
		{AE720155-7C3A-41DD-A5D4-F07B583C80BE}.Debug|Any CPU.Build.0 = Debug|Any CPU
		{AE720155-7C3A-41DD-A5D4-F07B583C80BE}.Debug|x64.ActiveCfg = Debug|Any CPU
		{AE720155-7C3A-41DD-A5D4-F07B583C80BE}.Debug|x64.Build.0 = Debug|Any CPU
		{AE720155-7C3A-41DD-A5D4-F07B583C80BE}.Debug|x86.ActiveCfg = Debug|Any CPU
		{AE720155-7C3A-41DD-A5D4-F07B583C80BE}.Debug|x86.Build.0 = Debug|Any CPU
		{AE720155-7C3A-41DD-A5D4-F07B583C80BE}.Release|Any CPU.ActiveCfg = Release|Any CPU
		{AE720155-7C3A-41DD-A5D4-F07B583C80BE}.Release|Any CPU.Build.0 = Release|Any CPU
		{AE720155-7C3A-41DD-A5D4-F07B583C80BE}.Release|x64.ActiveCfg = Release|Any CPU
		{AE720155-7C3A-41DD-A5D4-F07B583C80BE}.Release|x64.Build.0 = Release|Any CPU
		{AE720155-7C3A-41DD-A5D4-F07B583C80BE}.Release|x86.ActiveCfg = Release|Any CPU
		{AE720155-7C3A-41DD-A5D4-F07B583C80BE}.Release|x86.Build.0 = Release|Any CPU
		{BB718561-3DC3-4DFA-8A9D-AD4147CD1974}.Debug|Any CPU.ActiveCfg = Debug|Any CPU
		{BB718561-3DC3-4DFA-8A9D-AD4147CD1974}.Debug|Any CPU.Build.0 = Debug|Any CPU
		{BB718561-3DC3-4DFA-8A9D-AD4147CD1974}.Debug|x64.ActiveCfg = Debug|Any CPU
		{BB718561-3DC3-4DFA-8A9D-AD4147CD1974}.Debug|x64.Build.0 = Debug|Any CPU
		{BB718561-3DC3-4DFA-8A9D-AD4147CD1974}.Debug|x86.ActiveCfg = Debug|Any CPU
		{BB718561-3DC3-4DFA-8A9D-AD4147CD1974}.Debug|x86.Build.0 = Debug|Any CPU
		{BB718561-3DC3-4DFA-8A9D-AD4147CD1974}.Release|Any CPU.ActiveCfg = Release|Any CPU
		{BB718561-3DC3-4DFA-8A9D-AD4147CD1974}.Release|Any CPU.Build.0 = Release|Any CPU
		{BB718561-3DC3-4DFA-8A9D-AD4147CD1974}.Release|x64.ActiveCfg = Release|Any CPU
		{BB718561-3DC3-4DFA-8A9D-AD4147CD1974}.Release|x64.Build.0 = Release|Any CPU
		{BB718561-3DC3-4DFA-8A9D-AD4147CD1974}.Release|x86.ActiveCfg = Release|Any CPU
		{BB718561-3DC3-4DFA-8A9D-AD4147CD1974}.Release|x86.Build.0 = Release|Any CPU
		{0B772609-B042-4312-8CF2-C9D0274AECA4}.Debug|Any CPU.ActiveCfg = Debug|Any CPU
		{0B772609-B042-4312-8CF2-C9D0274AECA4}.Debug|Any CPU.Build.0 = Debug|Any CPU
		{0B772609-B042-4312-8CF2-C9D0274AECA4}.Debug|x64.ActiveCfg = Debug|Any CPU
		{0B772609-B042-4312-8CF2-C9D0274AECA4}.Debug|x64.Build.0 = Debug|Any CPU
		{0B772609-B042-4312-8CF2-C9D0274AECA4}.Debug|x86.ActiveCfg = Debug|Any CPU
		{0B772609-B042-4312-8CF2-C9D0274AECA4}.Debug|x86.Build.0 = Debug|Any CPU
		{0B772609-B042-4312-8CF2-C9D0274AECA4}.Release|Any CPU.ActiveCfg = Release|Any CPU
		{0B772609-B042-4312-8CF2-C9D0274AECA4}.Release|Any CPU.Build.0 = Release|Any CPU
		{0B772609-B042-4312-8CF2-C9D0274AECA4}.Release|x64.ActiveCfg = Release|Any CPU
		{0B772609-B042-4312-8CF2-C9D0274AECA4}.Release|x64.Build.0 = Release|Any CPU
		{0B772609-B042-4312-8CF2-C9D0274AECA4}.Release|x86.ActiveCfg = Release|Any CPU
		{0B772609-B042-4312-8CF2-C9D0274AECA4}.Release|x86.Build.0 = Release|Any CPU
		{580A2D28-CC52-4DBA-A355-806A7CB4941F}.Debug|Any CPU.ActiveCfg = Debug|Any CPU
		{580A2D28-CC52-4DBA-A355-806A7CB4941F}.Debug|Any CPU.Build.0 = Debug|Any CPU
		{580A2D28-CC52-4DBA-A355-806A7CB4941F}.Debug|x64.ActiveCfg = Debug|Any CPU
		{580A2D28-CC52-4DBA-A355-806A7CB4941F}.Debug|x64.Build.0 = Debug|Any CPU
		{580A2D28-CC52-4DBA-A355-806A7CB4941F}.Debug|x86.ActiveCfg = Debug|Any CPU
		{580A2D28-CC52-4DBA-A355-806A7CB4941F}.Debug|x86.Build.0 = Debug|Any CPU
		{580A2D28-CC52-4DBA-A355-806A7CB4941F}.Release|Any CPU.ActiveCfg = Release|Any CPU
		{580A2D28-CC52-4DBA-A355-806A7CB4941F}.Release|Any CPU.Build.0 = Release|Any CPU
		{580A2D28-CC52-4DBA-A355-806A7CB4941F}.Release|x64.ActiveCfg = Release|Any CPU
		{580A2D28-CC52-4DBA-A355-806A7CB4941F}.Release|x64.Build.0 = Release|Any CPU
		{580A2D28-CC52-4DBA-A355-806A7CB4941F}.Release|x86.ActiveCfg = Release|Any CPU
		{580A2D28-CC52-4DBA-A355-806A7CB4941F}.Release|x86.Build.0 = Release|Any CPU
		{6378DF6A-8C54-48BA-96AF-741491012420}.Debug|Any CPU.ActiveCfg = Debug|Any CPU
		{6378DF6A-8C54-48BA-96AF-741491012420}.Debug|Any CPU.Build.0 = Debug|Any CPU
		{6378DF6A-8C54-48BA-96AF-741491012420}.Debug|x64.ActiveCfg = Debug|Any CPU
		{6378DF6A-8C54-48BA-96AF-741491012420}.Debug|x64.Build.0 = Debug|Any CPU
		{6378DF6A-8C54-48BA-96AF-741491012420}.Debug|x86.ActiveCfg = Debug|Any CPU
		{6378DF6A-8C54-48BA-96AF-741491012420}.Debug|x86.Build.0 = Debug|Any CPU
		{6378DF6A-8C54-48BA-96AF-741491012420}.Release|Any CPU.ActiveCfg = Release|Any CPU
		{6378DF6A-8C54-48BA-96AF-741491012420}.Release|Any CPU.Build.0 = Release|Any CPU
		{6378DF6A-8C54-48BA-96AF-741491012420}.Release|x64.ActiveCfg = Release|Any CPU
		{6378DF6A-8C54-48BA-96AF-741491012420}.Release|x64.Build.0 = Release|Any CPU
		{6378DF6A-8C54-48BA-96AF-741491012420}.Release|x86.ActiveCfg = Release|Any CPU
		{6378DF6A-8C54-48BA-96AF-741491012420}.Release|x86.Build.0 = Release|Any CPU
		{D9A9B93B-9144-48A6-927F-3DEED7398894}.Debug|Any CPU.ActiveCfg = Debug|Any CPU
		{D9A9B93B-9144-48A6-927F-3DEED7398894}.Debug|Any CPU.Build.0 = Debug|Any CPU
		{D9A9B93B-9144-48A6-927F-3DEED7398894}.Debug|x64.ActiveCfg = Debug|Any CPU
		{D9A9B93B-9144-48A6-927F-3DEED7398894}.Debug|x64.Build.0 = Debug|Any CPU
		{D9A9B93B-9144-48A6-927F-3DEED7398894}.Debug|x86.ActiveCfg = Debug|Any CPU
		{D9A9B93B-9144-48A6-927F-3DEED7398894}.Debug|x86.Build.0 = Debug|Any CPU
		{D9A9B93B-9144-48A6-927F-3DEED7398894}.Release|Any CPU.ActiveCfg = Release|Any CPU
		{D9A9B93B-9144-48A6-927F-3DEED7398894}.Release|Any CPU.Build.0 = Release|Any CPU
		{D9A9B93B-9144-48A6-927F-3DEED7398894}.Release|x64.ActiveCfg = Release|Any CPU
		{D9A9B93B-9144-48A6-927F-3DEED7398894}.Release|x64.Build.0 = Release|Any CPU
		{D9A9B93B-9144-48A6-927F-3DEED7398894}.Release|x86.ActiveCfg = Release|Any CPU
		{D9A9B93B-9144-48A6-927F-3DEED7398894}.Release|x86.Build.0 = Release|Any CPU
	EndGlobalSection
	GlobalSection(SolutionProperties) = preSolution
		HideSolutionNode = FALSE
	EndGlobalSection
	GlobalSection(NestedProjects) = preSolution
		{904C3512-5926-407D-958A-72823602C0F0} = {94C1C7E7-FE0E-4A82-AB7D-4C2615E26432}
		{D76FE7F5-2C5D-4064-87DA-A96596B9196A} = {92BFBA7E-B9BB-4DD5-A00D-1C6E160B7C93}
		{AE720155-7C3A-41DD-A5D4-F07B583C80BE} = {62F22510-283F-4D3B-B2A0-825593E08111}
		{BB718561-3DC3-4DFA-8A9D-AD4147CD1974} = {94C1C7E7-FE0E-4A82-AB7D-4C2615E26432}
		{0B772609-B042-4312-8CF2-C9D0274AECA4} = {62F22510-283F-4D3B-B2A0-825593E08111}
		{580A2D28-CC52-4DBA-A355-806A7CB4941F} = {219F8605-8210-475E-95E0-0F1152608433}
		{6378DF6A-8C54-48BA-96AF-741491012420} = {AB69B78B-02C7-4911-A5A0-14AA59A3CA6C}
		{D9A9B93B-9144-48A6-927F-3DEED7398894} = {92BFBA7E-B9BB-4DD5-A00D-1C6E160B7C93}
	EndGlobalSection
	GlobalSection(ExtensibilityGlobals) = postSolution
		SolutionGuid = {93678001-6B8D-4575-869C-6727E0F863BB}
	EndGlobalSection
EndGlobal
